
Microsoft Visual Studio Solution File, Format Version 12.00
# Visual Studio Version 17
VisualStudioVersion = 17.11.35222.181
MinimumVisualStudioVersion = 10.0.40219.1
Project("{FAE04EC0-301F-11D3-BF4B-00C04F79EFBC}") = "BoletoApi", "BoletoApi.csproj", "{F7C66759-4960-481C-8F37-B15E644E839F}"
EndProject
Global
	GlobalSection(SolutionConfigurationPlatforms) = preSolution
		Debug|Any CPU = Debug|Any CPU
		Release|Any CPU = Release|Any CPU
	EndGlobalSection
	GlobalSection(ProjectConfigurationPlatforms) = postSolution
		{F7C66759-4960-481C-8F37-B15E644E839F}.Debug|Any CPU.ActiveCfg = Debug|Any CPU
		{F7C66759-4960-481C-8F37-B15E644E839F}.Debug|Any CPU.Build.0 = Debug|Any CPU
		{F7C66759-4960-481C-8F37-B15E644E839F}.Release|Any CPU.ActiveCfg = Release|Any CPU
		{F7C66759-4960-481C-8F37-B15E644E839F}.Release|Any CPU.Build.0 = Release|Any CPU
	EndGlobalSection
	GlobalSection(SolutionProperties) = preSolution
		HideSolutionNode = FALSE
	EndGlobalSection
	GlobalSection(ExtensibilityGlobals) = postSolution
		SolutionGuid = {BE7D6460-9B39-49C9-B46C-D71F3435EBF1}
	EndGlobalSection
EndGlobal
